
Microsoft Visual Studio Solution File, Format Version 12.00
# Visual Studio Version 17
VisualStudioVersion = 17.0.32112.339
MinimumVisualStudioVersion = 10.0.40219.1
Project("{FAE04EC0-301F-11D3-BF4B-00C04F79EFBC}") = "Amplitude Blocker", "Amplitude Blocker\Amplitude Blocker.csproj", "{8C26A410-9F69-4200-B130-7C587F5D199E}"
EndProject
Global
	GlobalSection(SolutionConfigurationPlatforms) = preSolution
		Debug|Any CPU = Debug|Any CPU
		Release|Any CPU = Release|Any CPU
	EndGlobalSection
	GlobalSection(ProjectConfigurationPlatforms) = postSolution
		{8C26A410-9F69-4200-B130-7C587F5D199E}.Debug|Any CPU.ActiveCfg = Debug|Any CPU
		{8C26A410-9F69-4200-B130-7C587F5D199E}.Debug|Any CPU.Build.0 = Debug|Any CPU
		{8C26A410-9F69-4200-B130-7C587F5D199E}.Release|Any CPU.ActiveCfg = Release|Any CPU
		{8C26A410-9F69-4200-B130-7C587F5D199E}.Release|Any CPU.Build.0 = Release|Any CPU
	EndGlobalSection
	GlobalSection(SolutionProperties) = preSolution
		HideSolutionNode = FALSE
	EndGlobalSection
	GlobalSection(ExtensibilityGlobals) = postSolution
		SolutionGuid = {444C1BCD-F461-4627-872D-8CFC91AA579D}
	EndGlobalSection
EndGlobal
